
Microsoft Visual Studio Solution File, Format Version 12.00
# Visual Studio Version 16
VisualStudioVersion = 16.0.30517.126
MinimumVisualStudioVersion = 10.0.40219.1
Project("{2150E333-8FDC-42A3-9474-1A3956D46DE8}") = "Microservices", "Microservices", "{B76EDEB6-954E-4329-9EF4-7CFBA1768856}"
EndProject
Project("{2150E333-8FDC-42A3-9474-1A3956D46DE8}") = "Domain", "Domain", "{A98085B3-1F03-4166-A36A-44699E0DD51E}"
EndProject
Project("{2150E333-8FDC-42A3-9474-1A3956D46DE8}") = "Infra.Bus", "Infra.Bus", "{1D1C19B2-BC27-489B-AFD7-77DE55014B82}"
EndProject
Project("{2150E333-8FDC-42A3-9474-1A3956D46DE8}") = "Infra.IoC", "Infra.IoC", "{36F39DA5-B413-4A82-9061-E59AF0404386}"
EndProject
Project("{2150E333-8FDC-42A3-9474-1A3956D46DE8}") = "Presentation", "Presentation", "{6BF9B99D-A24E-428D-B0B7-A3565D275062}"
EndProject
Project("{FAE04EC0-301F-11D3-BF4B-00C04F79EFBC}") = "MicRabbit.Domain.Core", "MicRabbit.Domain.Core\MicRabbit.Domain.Core.csproj", "{323DB0FC-352C-4D86-8AA5-1CBEAC604EF8}"
EndProject
Project("{FAE04EC0-301F-11D3-BF4B-00C04F79EFBC}") = "MicRabbit.Infra.Bus", "MicRabbit.Infra.Bus\MicRabbit.Infra.Bus.csproj", "{F9FDE3BD-7928-4AC3-A3BF-D3386D9F4633}"
EndProject
Global
	GlobalSection(SolutionConfigurationPlatforms) = preSolution
		Debug|Any CPU = Debug|Any CPU
		Release|Any CPU = Release|Any CPU
	EndGlobalSection
	GlobalSection(ProjectConfigurationPlatforms) = postSolution
		{323DB0FC-352C-4D86-8AA5-1CBEAC604EF8}.Debug|Any CPU.ActiveCfg = Debug|Any CPU
		{323DB0FC-352C-4D86-8AA5-1CBEAC604EF8}.Debug|Any CPU.Build.0 = Debug|Any CPU
		{323DB0FC-352C-4D86-8AA5-1CBEAC604EF8}.Release|Any CPU.ActiveCfg = Release|Any CPU
		{323DB0FC-352C-4D86-8AA5-1CBEAC604EF8}.Release|Any CPU.Build.0 = Release|Any CPU
		{F9FDE3BD-7928-4AC3-A3BF-D3386D9F4633}.Debug|Any CPU.ActiveCfg = Debug|Any CPU
		{F9FDE3BD-7928-4AC3-A3BF-D3386D9F4633}.Debug|Any CPU.Build.0 = Debug|Any CPU
		{F9FDE3BD-7928-4AC3-A3BF-D3386D9F4633}.Release|Any CPU.ActiveCfg = Release|Any CPU
		{F9FDE3BD-7928-4AC3-A3BF-D3386D9F4633}.Release|Any CPU.Build.0 = Release|Any CPU
	EndGlobalSection
	GlobalSection(SolutionProperties) = preSolution
		HideSolutionNode = FALSE
	EndGlobalSection
	GlobalSection(NestedProjects) = preSolution
		{323DB0FC-352C-4D86-8AA5-1CBEAC604EF8} = {A98085B3-1F03-4166-A36A-44699E0DD51E}
		{F9FDE3BD-7928-4AC3-A3BF-D3386D9F4633} = {1D1C19B2-BC27-489B-AFD7-77DE55014B82}
	EndGlobalSection
	GlobalSection(ExtensibilityGlobals) = postSolution
		SolutionGuid = {D4078E1D-1F58-44FC-8F8E-C61AB644B826}
	EndGlobalSection
EndGlobal
