
Microsoft Visual Studio Solution File, Format Version 12.00
# Visual Studio Version 16
VisualStudioVersion = 16.0.30517.126
MinimumVisualStudioVersion = 10.0.40219.1
Project("{2150E333-8FDC-42A3-9474-1A3956D46DE8}") = "Microservices", "Microservices", "{B76EDEB6-954E-4329-9EF4-7CFBA1768856}"
EndProject
Project("{2150E333-8FDC-42A3-9474-1A3956D46DE8}") = "Domain", "Domain", "{A98085B3-1F03-4166-A36A-44699E0DD51E}"
EndProject
Project("{2150E333-8FDC-42A3-9474-1A3956D46DE8}") = "Infra.Bus", "Infra.Bus", "{1D1C19B2-BC27-489B-AFD7-77DE55014B82}"
EndProject
Project("{2150E333-8FDC-42A3-9474-1A3956D46DE8}") = "Infra.IoC", "Infra.IoC", "{36F39DA5-B413-4A82-9061-E59AF0404386}"
EndProject
Project("{2150E333-8FDC-42A3-9474-1A3956D46DE8}") = "Presentation", "Presentation", "{6BF9B99D-A24E-428D-B0B7-A3565D275062}"
EndProject
Project("{9A19103F-16F7-4668-BE54-9A1E7A4F7556}") = "MicRabbit.Domain.Core", "MicRabbit.Domain.Core\MicRabbit.Domain.Core.csproj", "{323DB0FC-352C-4D86-8AA5-1CBEAC604EF8}"
EndProject
Project("{9A19103F-16F7-4668-BE54-9A1E7A4F7556}") = "MicRabbit.Infra.Bus", "MicRabbit.Infra.Bus\MicRabbit.Infra.Bus.csproj", "{F9FDE3BD-7928-4AC3-A3BF-D3386D9F4633}"
EndProject
Project("{9A19103F-16F7-4668-BE54-9A1E7A4F7556}") = "MicRabbit.Infra.IoC", "MicRabbit.Infra.IoC\MicRabbit.Infra.IoC.csproj", "{E637F487-7D25-4E80-9966-0D2A55E8284A}"
EndProject
Project("{2150E333-8FDC-42A3-9474-1A3956D46DE8}") = "Banking", "Banking", "{62FBF133-8484-48FB-9923-A051936F438D}"
EndProject
Project("{2150E333-8FDC-42A3-9474-1A3956D46DE8}") = "Api", "Api", "{60D80766-6AA5-42B2-A651-733078B914E7}"
EndProject
Project("{2150E333-8FDC-42A3-9474-1A3956D46DE8}") = "Domain", "Domain", "{E1756AF5-3AA3-4D1F-9371-EC5F5CBBEC0C}"
EndProject
Project("{2150E333-8FDC-42A3-9474-1A3956D46DE8}") = "Application", "Application", "{F8B98B0B-41B2-4D4D-8AE1-451B3C51AD21}"
EndProject
Project("{2150E333-8FDC-42A3-9474-1A3956D46DE8}") = "Data", "Data", "{6A519A01-AA69-481D-9F43-A98B211BB957}"
EndProject
Project("{9A19103F-16F7-4668-BE54-9A1E7A4F7556}") = "MicRabbit.Banking.Api", "MicRabbit.Banking.Api\MicRabbit.Banking.Api.csproj", "{EA1883F4-5A6D-486E-892E-097257F49145}"
EndProject
Project("{9A19103F-16F7-4668-BE54-9A1E7A4F7556}") = "MicRabbit.Banking.Application", "MicRabbit.Banking.Application\MicRabbit.Banking.Application.csproj", "{1C539D17-3EA6-48C5-8CC9-8016CF5BEDA4}"
EndProject
Project("{9A19103F-16F7-4668-BE54-9A1E7A4F7556}") = "MicRabbit.Banking.Data", "MicRabbit.Banking.Data\MicRabbit.Banking.Data.csproj", "{F6FD275B-36E4-4003-A5C9-125D659E0F9C}"
EndProject
Project("{9A19103F-16F7-4668-BE54-9A1E7A4F7556}") = "MicRabbit.Banking.Domain", "MicRabbit.Banking.Domain\MicRabbit.Banking.Domain.csproj", "{B39C9933-1763-404F-B26C-26321DAB0AC6}"
EndProject
Project("{2150E333-8FDC-42A3-9474-1A3956D46DE8}") = "Transfer", "Transfer", "{49F8E0DC-42C1-4D3A-A3AA-D28997C13D51}"
EndProject
Project("{2150E333-8FDC-42A3-9474-1A3956D46DE8}") = "Api", "Api", "{999FE163-DD23-4951-96E1-17797EAF465C}"
EndProject
Project("{9A19103F-16F7-4668-BE54-9A1E7A4F7556}") = "MicRabbit.Transfer.Api", "MicRabbit.Transfer.Api\MicRabbit.Transfer.Api.csproj", "{A37897B6-6ABA-4DE2-81DD-A3DC87B94E07}"
EndProject
Project("{2150E333-8FDC-42A3-9474-1A3956D46DE8}") = "Application", "Application", "{567CB32A-E674-4678-BA18-6B9EF53AA856}"
EndProject
Project("{2150E333-8FDC-42A3-9474-1A3956D46DE8}") = "Data", "Data", "{C773D434-630C-4247-8142-DB5F01E6B090}"
EndProject
Project("{2150E333-8FDC-42A3-9474-1A3956D46DE8}") = "Domain", "Domain", "{42CE908D-8737-4439-ACFA-D31954752C33}"
EndProject
Project("{FAE04EC0-301F-11D3-BF4B-00C04F79EFBC}") = "MicRabbit.Transfer.Application", "MicRabbit.Transfer.Application\MicRabbit.Transfer.Application.csproj", "{4927A46D-8666-4444-B385-DA59B4B3A28D}"
EndProject
Project("{FAE04EC0-301F-11D3-BF4B-00C04F79EFBC}") = "MicRabbit.Transfer.Data", "MicRabbit.Transfer.Data\MicRabbit.Transfer.Data.csproj", "{EDDC3A02-ECC7-4F14-8C81-FCCF5A81F547}"
EndProject
Project("{FAE04EC0-301F-11D3-BF4B-00C04F79EFBC}") = "MicRabbit.Transfer.Domain", "MicRabbit.Transfer.Domain\MicRabbit.Transfer.Domain.csproj", "{F97BA72D-C6AC-4476-A2BF-89177C795246}"
EndProject
Project("{FAE04EC0-301F-11D3-BF4B-00C04F79EFBC}") = "MicRabbit.MVC", "MicRabbit.MVC\MicRabbit.MVC.csproj", "{723AD015-8FEE-4092-BDCE-6F95699247FB}"
EndProject
Global
	GlobalSection(SolutionConfigurationPlatforms) = preSolution
		Debug|Any CPU = Debug|Any CPU
		Release|Any CPU = Release|Any CPU
	EndGlobalSection
	GlobalSection(ProjectConfigurationPlatforms) = postSolution
		{323DB0FC-352C-4D86-8AA5-1CBEAC604EF8}.Debug|Any CPU.ActiveCfg = Debug|Any CPU
		{323DB0FC-352C-4D86-8AA5-1CBEAC604EF8}.Debug|Any CPU.Build.0 = Debug|Any CPU
		{323DB0FC-352C-4D86-8AA5-1CBEAC604EF8}.Release|Any CPU.ActiveCfg = Release|Any CPU
		{323DB0FC-352C-4D86-8AA5-1CBEAC604EF8}.Release|Any CPU.Build.0 = Release|Any CPU
		{F9FDE3BD-7928-4AC3-A3BF-D3386D9F4633}.Debug|Any CPU.ActiveCfg = Debug|Any CPU
		{F9FDE3BD-7928-4AC3-A3BF-D3386D9F4633}.Debug|Any CPU.Build.0 = Debug|Any CPU
		{F9FDE3BD-7928-4AC3-A3BF-D3386D9F4633}.Release|Any CPU.ActiveCfg = Release|Any CPU
		{F9FDE3BD-7928-4AC3-A3BF-D3386D9F4633}.Release|Any CPU.Build.0 = Release|Any CPU
		{E637F487-7D25-4E80-9966-0D2A55E8284A}.Debug|Any CPU.ActiveCfg = Debug|Any CPU
		{E637F487-7D25-4E80-9966-0D2A55E8284A}.Debug|Any CPU.Build.0 = Debug|Any CPU
		{E637F487-7D25-4E80-9966-0D2A55E8284A}.Release|Any CPU.ActiveCfg = Release|Any CPU
		{E637F487-7D25-4E80-9966-0D2A55E8284A}.Release|Any CPU.Build.0 = Release|Any CPU
		{EA1883F4-5A6D-486E-892E-097257F49145}.Debug|Any CPU.ActiveCfg = Debug|Any CPU
		{EA1883F4-5A6D-486E-892E-097257F49145}.Debug|Any CPU.Build.0 = Debug|Any CPU
		{EA1883F4-5A6D-486E-892E-097257F49145}.Release|Any CPU.ActiveCfg = Release|Any CPU
		{EA1883F4-5A6D-486E-892E-097257F49145}.Release|Any CPU.Build.0 = Release|Any CPU
		{1C539D17-3EA6-48C5-8CC9-8016CF5BEDA4}.Debug|Any CPU.ActiveCfg = Debug|Any CPU
		{1C539D17-3EA6-48C5-8CC9-8016CF5BEDA4}.Debug|Any CPU.Build.0 = Debug|Any CPU
		{1C539D17-3EA6-48C5-8CC9-8016CF5BEDA4}.Release|Any CPU.ActiveCfg = Release|Any CPU
		{1C539D17-3EA6-48C5-8CC9-8016CF5BEDA4}.Release|Any CPU.Build.0 = Release|Any CPU
		{F6FD275B-36E4-4003-A5C9-125D659E0F9C}.Debug|Any CPU.ActiveCfg = Debug|Any CPU
		{F6FD275B-36E4-4003-A5C9-125D659E0F9C}.Debug|Any CPU.Build.0 = Debug|Any CPU
		{F6FD275B-36E4-4003-A5C9-125D659E0F9C}.Release|Any CPU.ActiveCfg = Release|Any CPU
		{F6FD275B-36E4-4003-A5C9-125D659E0F9C}.Release|Any CPU.Build.0 = Release|Any CPU
		{B39C9933-1763-404F-B26C-26321DAB0AC6}.Debug|Any CPU.ActiveCfg = Debug|Any CPU
		{B39C9933-1763-404F-B26C-26321DAB0AC6}.Debug|Any CPU.Build.0 = Debug|Any CPU
		{B39C9933-1763-404F-B26C-26321DAB0AC6}.Release|Any CPU.ActiveCfg = Release|Any CPU
		{B39C9933-1763-404F-B26C-26321DAB0AC6}.Release|Any CPU.Build.0 = Release|Any CPU
		{A37897B6-6ABA-4DE2-81DD-A3DC87B94E07}.Debug|Any CPU.ActiveCfg = Debug|Any CPU
		{A37897B6-6ABA-4DE2-81DD-A3DC87B94E07}.Debug|Any CPU.Build.0 = Debug|Any CPU
		{A37897B6-6ABA-4DE2-81DD-A3DC87B94E07}.Release|Any CPU.ActiveCfg = Release|Any CPU
		{A37897B6-6ABA-4DE2-81DD-A3DC87B94E07}.Release|Any CPU.Build.0 = Release|Any CPU
		{4927A46D-8666-4444-B385-DA59B4B3A28D}.Debug|Any CPU.ActiveCfg = Debug|Any CPU
		{4927A46D-8666-4444-B385-DA59B4B3A28D}.Debug|Any CPU.Build.0 = Debug|Any CPU
		{4927A46D-8666-4444-B385-DA59B4B3A28D}.Release|Any CPU.ActiveCfg = Release|Any CPU
		{4927A46D-8666-4444-B385-DA59B4B3A28D}.Release|Any CPU.Build.0 = Release|Any CPU
		{EDDC3A02-ECC7-4F14-8C81-FCCF5A81F547}.Debug|Any CPU.ActiveCfg = Debug|Any CPU
		{EDDC3A02-ECC7-4F14-8C81-FCCF5A81F547}.Debug|Any CPU.Build.0 = Debug|Any CPU
		{EDDC3A02-ECC7-4F14-8C81-FCCF5A81F547}.Release|Any CPU.ActiveCfg = Release|Any CPU
		{EDDC3A02-ECC7-4F14-8C81-FCCF5A81F547}.Release|Any CPU.Build.0 = Release|Any CPU
		{F97BA72D-C6AC-4476-A2BF-89177C795246}.Debug|Any CPU.ActiveCfg = Debug|Any CPU
		{F97BA72D-C6AC-4476-A2BF-89177C795246}.Debug|Any CPU.Build.0 = Debug|Any CPU
		{F97BA72D-C6AC-4476-A2BF-89177C795246}.Release|Any CPU.ActiveCfg = Release|Any CPU
		{F97BA72D-C6AC-4476-A2BF-89177C795246}.Release|Any CPU.Build.0 = Release|Any CPU
		{723AD015-8FEE-4092-BDCE-6F95699247FB}.Debug|Any CPU.ActiveCfg = Debug|Any CPU
		{723AD015-8FEE-4092-BDCE-6F95699247FB}.Debug|Any CPU.Build.0 = Debug|Any CPU
		{723AD015-8FEE-4092-BDCE-6F95699247FB}.Release|Any CPU.ActiveCfg = Release|Any CPU
		{723AD015-8FEE-4092-BDCE-6F95699247FB}.Release|Any CPU.Build.0 = Release|Any CPU
	EndGlobalSection
	GlobalSection(SolutionProperties) = preSolution
		HideSolutionNode = FALSE
	EndGlobalSection
	GlobalSection(NestedProjects) = preSolution
		{323DB0FC-352C-4D86-8AA5-1CBEAC604EF8} = {A98085B3-1F03-4166-A36A-44699E0DD51E}
		{F9FDE3BD-7928-4AC3-A3BF-D3386D9F4633} = {1D1C19B2-BC27-489B-AFD7-77DE55014B82}
		{E637F487-7D25-4E80-9966-0D2A55E8284A} = {36F39DA5-B413-4A82-9061-E59AF0404386}
		{62FBF133-8484-48FB-9923-A051936F438D} = {B76EDEB6-954E-4329-9EF4-7CFBA1768856}
		{60D80766-6AA5-42B2-A651-733078B914E7} = {62FBF133-8484-48FB-9923-A051936F438D}
		{E1756AF5-3AA3-4D1F-9371-EC5F5CBBEC0C} = {62FBF133-8484-48FB-9923-A051936F438D}
		{F8B98B0B-41B2-4D4D-8AE1-451B3C51AD21} = {62FBF133-8484-48FB-9923-A051936F438D}
		{6A519A01-AA69-481D-9F43-A98B211BB957} = {62FBF133-8484-48FB-9923-A051936F438D}
		{EA1883F4-5A6D-486E-892E-097257F49145} = {60D80766-6AA5-42B2-A651-733078B914E7}
		{1C539D17-3EA6-48C5-8CC9-8016CF5BEDA4} = {F8B98B0B-41B2-4D4D-8AE1-451B3C51AD21}
		{F6FD275B-36E4-4003-A5C9-125D659E0F9C} = {6A519A01-AA69-481D-9F43-A98B211BB957}
		{B39C9933-1763-404F-B26C-26321DAB0AC6} = {E1756AF5-3AA3-4D1F-9371-EC5F5CBBEC0C}
		{49F8E0DC-42C1-4D3A-A3AA-D28997C13D51} = {B76EDEB6-954E-4329-9EF4-7CFBA1768856}
		{999FE163-DD23-4951-96E1-17797EAF465C} = {49F8E0DC-42C1-4D3A-A3AA-D28997C13D51}
		{A37897B6-6ABA-4DE2-81DD-A3DC87B94E07} = {999FE163-DD23-4951-96E1-17797EAF465C}
		{567CB32A-E674-4678-BA18-6B9EF53AA856} = {49F8E0DC-42C1-4D3A-A3AA-D28997C13D51}
		{C773D434-630C-4247-8142-DB5F01E6B090} = {49F8E0DC-42C1-4D3A-A3AA-D28997C13D51}
		{42CE908D-8737-4439-ACFA-D31954752C33} = {49F8E0DC-42C1-4D3A-A3AA-D28997C13D51}
		{4927A46D-8666-4444-B385-DA59B4B3A28D} = {567CB32A-E674-4678-BA18-6B9EF53AA856}
		{EDDC3A02-ECC7-4F14-8C81-FCCF5A81F547} = {C773D434-630C-4247-8142-DB5F01E6B090}
		{F97BA72D-C6AC-4476-A2BF-89177C795246} = {42CE908D-8737-4439-ACFA-D31954752C33}
		{723AD015-8FEE-4092-BDCE-6F95699247FB} = {6BF9B99D-A24E-428D-B0B7-A3565D275062}
	EndGlobalSection
	GlobalSection(ExtensibilityGlobals) = postSolution
		SolutionGuid = {D4078E1D-1F58-44FC-8F8E-C61AB644B826}
	EndGlobalSection
EndGlobal
